
Microsoft Visual Studio Solution File, Format Version 12.00
# Visual Studio Version 17
VisualStudioVersion = 17.3.32901.215
MinimumVisualStudioVersion = 10.0.40219.1
Project("{9A19103F-16F7-4668-BE54-9A1E7A4F7556}") = "Soru1", "Soru1\Soru1.csproj", "{03D68E5F-197F-49F9-91B6-EF520D7AAFCF}"
EndProject
Project("{9A19103F-16F7-4668-BE54-9A1E7A4F7556}") = "Soru2", "Soru2\Soru2.csproj", "{ECE16629-9CA2-4415-BDDB-F14BA0724F76}"
EndProject
Project("{9A19103F-16F7-4668-BE54-9A1E7A4F7556}") = "Soru3", "Soru3\Soru3.csproj", "{8CC1EEA0-E7DB-4379-BBF7-8F1AA07D3E7E}"
EndProject
Project("{9A19103F-16F7-4668-BE54-9A1E7A4F7556}") = "Soru4", "Soru4\Soru4.csproj", "{40AA3BFC-6671-4595-8C72-D04CB821729C}"
EndProject
Project("{9A19103F-16F7-4668-BE54-9A1E7A4F7556}") = "Alistirma1", "Alistirma1\Alistirma1.csproj", "{0612F6BF-FD23-40E6-AC36-2757BA09F5E5}"
EndProject
Project("{2150E333-8FDC-42A3-9474-1A3956D46DE8}") = "HackerRank", "HackerRank", "{F9506423-3EB2-478F-B271-52AAB2A50F5E}"
EndProject
Project("{FAE04EC0-301F-11D3-BF4B-00C04F79EFBC}") = "SolveMeFirst", "SolveMeFirst\SolveMeFirst.csproj", "{BB911C88-CEDA-4E91-860D-51AF88391505}"
EndProject
Project("{FAE04EC0-301F-11D3-BF4B-00C04F79EFBC}") = "SimpleArraySum", "SimpleArraySum\SimpleArraySum.csproj", "{FEBB45D2-7676-4827-B7BE-AD5E54B8751C}"
EndProject
Project("{FAE04EC0-301F-11D3-BF4B-00C04F79EFBC}") = "CompareTheTriplets", "CompareTheTriplets\CompareTheTriplets.csproj", "{7CEE2564-E168-4922-A38C-486E42A84A86}"
EndProject
Project("{FAE04EC0-301F-11D3-BF4B-00C04F79EFBC}") = "AVeryBigSum", "AVeryBigSum\AVeryBigSum.csproj", "{F150239E-ABFC-429C-A3E4-75015A44A1EA}"
EndProject
Project("{FAE04EC0-301F-11D3-BF4B-00C04F79EFBC}") = "PlusMinus", "PlusMinus\PlusMinus.csproj", "{8AA4BAA6-74F4-4BD4-AA5B-1007051F8BB7}"
EndProject
Project("{2150E333-8FDC-42A3-9474-1A3956D46DE8}") = "Alistirmalar", "Alistirmalar", "{4B1BFBAF-376C-447D-ADAA-6C00621A6425}"
EndProject
Project("{FAE04EC0-301F-11D3-BF4B-00C04F79EFBC}") = "Alistirma2", "Alistirma2\Alistirma2.csproj", "{45378EF7-1B14-4D24-9886-C40E9DDF23E9}"
EndProject
Global
	GlobalSection(SolutionConfigurationPlatforms) = preSolution
		Debug|Any CPU = Debug|Any CPU
		Release|Any CPU = Release|Any CPU
	EndGlobalSection
	GlobalSection(ProjectConfigurationPlatforms) = postSolution
		{03D68E5F-197F-49F9-91B6-EF520D7AAFCF}.Debug|Any CPU.ActiveCfg = Debug|Any CPU
		{03D68E5F-197F-49F9-91B6-EF520D7AAFCF}.Debug|Any CPU.Build.0 = Debug|Any CPU
		{03D68E5F-197F-49F9-91B6-EF520D7AAFCF}.Release|Any CPU.ActiveCfg = Release|Any CPU
		{03D68E5F-197F-49F9-91B6-EF520D7AAFCF}.Release|Any CPU.Build.0 = Release|Any CPU
		{ECE16629-9CA2-4415-BDDB-F14BA0724F76}.Debug|Any CPU.ActiveCfg = Debug|Any CPU
		{ECE16629-9CA2-4415-BDDB-F14BA0724F76}.Debug|Any CPU.Build.0 = Debug|Any CPU
		{ECE16629-9CA2-4415-BDDB-F14BA0724F76}.Release|Any CPU.ActiveCfg = Release|Any CPU
		{ECE16629-9CA2-4415-BDDB-F14BA0724F76}.Release|Any CPU.Build.0 = Release|Any CPU
		{8CC1EEA0-E7DB-4379-BBF7-8F1AA07D3E7E}.Debug|Any CPU.ActiveCfg = Debug|Any CPU
		{8CC1EEA0-E7DB-4379-BBF7-8F1AA07D3E7E}.Debug|Any CPU.Build.0 = Debug|Any CPU
		{8CC1EEA0-E7DB-4379-BBF7-8F1AA07D3E7E}.Release|Any CPU.ActiveCfg = Release|Any CPU
		{8CC1EEA0-E7DB-4379-BBF7-8F1AA07D3E7E}.Release|Any CPU.Build.0 = Release|Any CPU
		{40AA3BFC-6671-4595-8C72-D04CB821729C}.Debug|Any CPU.ActiveCfg = Debug|Any CPU
		{40AA3BFC-6671-4595-8C72-D04CB821729C}.Debug|Any CPU.Build.0 = Debug|Any CPU
		{40AA3BFC-6671-4595-8C72-D04CB821729C}.Release|Any CPU.ActiveCfg = Release|Any CPU
		{40AA3BFC-6671-4595-8C72-D04CB821729C}.Release|Any CPU.Build.0 = Release|Any CPU
		{0612F6BF-FD23-40E6-AC36-2757BA09F5E5}.Debug|Any CPU.ActiveCfg = Debug|Any CPU
		{0612F6BF-FD23-40E6-AC36-2757BA09F5E5}.Debug|Any CPU.Build.0 = Debug|Any CPU
		{0612F6BF-FD23-40E6-AC36-2757BA09F5E5}.Release|Any CPU.ActiveCfg = Release|Any CPU
		{0612F6BF-FD23-40E6-AC36-2757BA09F5E5}.Release|Any CPU.Build.0 = Release|Any CPU
		{BB911C88-CEDA-4E91-860D-51AF88391505}.Debug|Any CPU.ActiveCfg = Debug|Any CPU
		{BB911C88-CEDA-4E91-860D-51AF88391505}.Debug|Any CPU.Build.0 = Debug|Any CPU
		{BB911C88-CEDA-4E91-860D-51AF88391505}.Release|Any CPU.ActiveCfg = Release|Any CPU
		{BB911C88-CEDA-4E91-860D-51AF88391505}.Release|Any CPU.Build.0 = Release|Any CPU
		{FEBB45D2-7676-4827-B7BE-AD5E54B8751C}.Debug|Any CPU.ActiveCfg = Debug|Any CPU
		{FEBB45D2-7676-4827-B7BE-AD5E54B8751C}.Debug|Any CPU.Build.0 = Debug|Any CPU
		{FEBB45D2-7676-4827-B7BE-AD5E54B8751C}.Release|Any CPU.ActiveCfg = Release|Any CPU
		{FEBB45D2-7676-4827-B7BE-AD5E54B8751C}.Release|Any CPU.Build.0 = Release|Any CPU
		{7CEE2564-E168-4922-A38C-486E42A84A86}.Debug|Any CPU.ActiveCfg = Debug|Any CPU
		{7CEE2564-E168-4922-A38C-486E42A84A86}.Debug|Any CPU.Build.0 = Debug|Any CPU
		{7CEE2564-E168-4922-A38C-486E42A84A86}.Release|Any CPU.ActiveCfg = Release|Any CPU
		{7CEE2564-E168-4922-A38C-486E42A84A86}.Release|Any CPU.Build.0 = Release|Any CPU
		{F150239E-ABFC-429C-A3E4-75015A44A1EA}.Debug|Any CPU.ActiveCfg = Debug|Any CPU
		{F150239E-ABFC-429C-A3E4-75015A44A1EA}.Debug|Any CPU.Build.0 = Debug|Any CPU
		{F150239E-ABFC-429C-A3E4-75015A44A1EA}.Release|Any CPU.ActiveCfg = Release|Any CPU
		{F150239E-ABFC-429C-A3E4-75015A44A1EA}.Release|Any CPU.Build.0 = Release|Any CPU
		{8AA4BAA6-74F4-4BD4-AA5B-1007051F8BB7}.Debug|Any CPU.ActiveCfg = Debug|Any CPU
		{8AA4BAA6-74F4-4BD4-AA5B-1007051F8BB7}.Debug|Any CPU.Build.0 = Debug|Any CPU
		{8AA4BAA6-74F4-4BD4-AA5B-1007051F8BB7}.Release|Any CPU.ActiveCfg = Release|Any CPU
		{8AA4BAA6-74F4-4BD4-AA5B-1007051F8BB7}.Release|Any CPU.Build.0 = Release|Any CPU
		{45378EF7-1B14-4D24-9886-C40E9DDF23E9}.Debug|Any CPU.ActiveCfg = Debug|Any CPU
		{45378EF7-1B14-4D24-9886-C40E9DDF23E9}.Debug|Any CPU.Build.0 = Debug|Any CPU
		{45378EF7-1B14-4D24-9886-C40E9DDF23E9}.Release|Any CPU.ActiveCfg = Release|Any CPU
		{45378EF7-1B14-4D24-9886-C40E9DDF23E9}.Release|Any CPU.Build.0 = Release|Any CPU
	EndGlobalSection
	GlobalSection(SolutionProperties) = preSolution
		HideSolutionNode = FALSE
	EndGlobalSection
	GlobalSection(NestedProjects) = preSolution
		{0612F6BF-FD23-40E6-AC36-2757BA09F5E5} = {4B1BFBAF-376C-447D-ADAA-6C00621A6425}
		{BB911C88-CEDA-4E91-860D-51AF88391505} = {F9506423-3EB2-478F-B271-52AAB2A50F5E}
		{FEBB45D2-7676-4827-B7BE-AD5E54B8751C} = {F9506423-3EB2-478F-B271-52AAB2A50F5E}
		{7CEE2564-E168-4922-A38C-486E42A84A86} = {F9506423-3EB2-478F-B271-52AAB2A50F5E}
		{F150239E-ABFC-429C-A3E4-75015A44A1EA} = {F9506423-3EB2-478F-B271-52AAB2A50F5E}
		{8AA4BAA6-74F4-4BD4-AA5B-1007051F8BB7} = {F9506423-3EB2-478F-B271-52AAB2A50F5E}
		{45378EF7-1B14-4D24-9886-C40E9DDF23E9} = {4B1BFBAF-376C-447D-ADAA-6C00621A6425}
	EndGlobalSection
	GlobalSection(ExtensibilityGlobals) = postSolution
		SolutionGuid = {182FDA35-9AAE-4578-8D30-E6D22E611996}
	EndGlobalSection
EndGlobal
